{
  "requires": true,
  "lockfileVersion": 1,
  "dependencies": {
    "@types/google-apps-script": {
      "version": "1.0.9",
      "resolved": "https://registry.npmjs.org/@types/google-apps-script/-/google-apps-script-1.0.9.tgz",
      "integrity": "sha512-RpHLrwgH63LrpOV/F7OcDFniUqf0tDVL4AA9qqxLVpMcxEvuuvhpPgMW9t0EQ5pMX6X8+mxD22bCQe76y/5Bhg=="
    }
  }
}
