{
  "name": "slides",
  "lockfileVersion": 3,
  "requires": true,
  "packages": {
    "": {
      "dependencies": {
        "@types/google-apps-script": "^2.0.11"
      }
    },
    "node_modules/@types/google-apps-script": {
      "version": "2.0.11",
      "resolved": "https://registry.npmjs.org/@types/google-apps-script/-/google-apps-script-2.0.11.tgz",
      "integrity": "sha512-D+UWQKXUd4KgScQ+iqqx4jYxZXmU7cYCWHlikmUckIfFvblTcG4d3tQsjJAA261wmFZOya+WWd8L6/0bvSLjHQ==",
      "license": "MIT"
    }
  }
}
