{
  "name": "code-syntax-tests",
  "lockfileVersion": 3,
  "requires": true,
  "packages": {
    "": {
      "name": "code-syntax-tests",
      "devDependencies": {
        "ts2gas": "4.2.0"
      }
    },
    "node_modules/ts2gas": {
      "version": "4.2.0",
      "resolved": "https://registry.npmjs.org/ts2gas/-/ts2gas-4.2.0.tgz",
      "integrity": "sha512-5xZugaeM3wKQPj/vrWnrtYjNh4xnIz6cGSW/smCe9OTmkh1+KvHpm7M7HLq/OnBaljf4+yKctC4AYimBi4T1/Q==",
      "dev": true,
      "license": "MIT",
      "dependencies": {
        "type-fest": "^2.1.0",
        "typescript": "^4.4.2"
      },
      "engines": {
        "node": "^12.20.0 || ^14.13.1 || >=16.0.0"
      }
    },
    "node_modules/type-fest": {
      "version": "2.19.0",
      "resolved": "https://registry.npmjs.org/type-fest/-/type-fest-2.19.0.tgz",
      "integrity": "sha512-RAH822pAdBgcNMAfWnCBU3CFZcfZ/i1eZjwFU/dsLKumyuuP3niueg2UAukXYF0E2AAoc82ZSSf9J0WQBinzHA==",
      "dev": true,
      "license": "(MIT OR CC0-1.0)",
      "engines": {
        "node": ">=12.20"
      },
      "funding": {
        "url": "https://github.com/sponsors/sindresorhus"
      }
    },
    "node_modules/typescript": {
      "version": "4.9.5",
      "resolved": "https://registry.npmjs.org/typescript/-/typescript-4.9.5.tgz",
      "integrity": "sha512-1FXk9E2Hm+QzZQ7z+McJiHL4NW1F2EzMu9Nq9i3zAaGqibafqYwCVU6WyWAuyQRRzOlxou8xZSyXLEN8oKj24g==",
      "dev": true,
      "license": "Apache-2.0",
      "bin": {
        "tsc": "bin/tsc",
        "tsserver": "bin/tsserver"
      },
      "engines": {
        "node": ">=4.2.0"
      }
    }
  }
}
